<?xml version="1.0" encoding="utf-8"?>
<Project ToolsVersion="4.0" xmlns="http://schemas.microsoft.com/developer/msbuild/2003">
  <ItemGroup>
    <FxCompile Include="Engine\ShaderFile\Object3d.PS.hlsl" />
    <FxCompile Include="Engine\ShaderFile\Object3d.VS.hlsl" />
    <FxCompile Include="Engine\ShaderFile\Particle.PS.hlsl" />
    <FxCompile Include="Engine\ShaderFile\Particle.VS.hlsl" />
    <FxCompile Include="Engine\ShaderFile\Sprite2D.PS.hlsl" />
    <FxCompile Include="Engine\ShaderFile\Sprite2D.VS.hlsl" />
    <FxCompile Include="Engine\ShaderFile\PointLight.VS.hlsl" />
    <FxCompile Include="Engine\ShaderFile\PointLight.PS.hlsl" />
  </ItemGroup>
  <ItemGroup>
    <ClCompile Include="Project\GameObject\Player\Player.cpp" />
    <ClCompile Include="Project\GameObject\Enemy\Enemy.cpp" />
    <ClCompile Include="Engine\Audio\Audio.cpp" />
    <ClCompile Include="Engine\Base\DX\DirectXCommon.cpp" />
    <ClCompile Include="Engine\Engine.cpp" />
    <ClCompile Include="Engine\Model\State\ModelCube.cpp" />
    <ClCompile Include="externals\imgui\imgui.cpp" />
    <ClCompile Include="externals\imgui\imgui_demo.cpp" />
    <ClCompile Include="externals\imgui\imgui_draw.cpp" />
    <ClCompile Include="externals\imgui\imgui_impl_dx12.cpp" />
    <ClCompile Include="externals\imgui\imgui_impl_win32.cpp" />
    <ClCompile Include="externals\imgui\imgui_tables.cpp" />
    <ClCompile Include="externals\imgui\imgui_widgets.cpp" />
    <ClCompile Include="Engine\ParticleSystem\ParticleSystem.cpp" />
    <ClCompile Include="Project\GameManager\GameManager.cpp" />
    <ClCompile Include="Project\Scene\GameScene\GameScene.cpp" />
    <ClCompile Include="Engine\GraphicsPipeline\GraphicsPipeline.cpp" />
    <ClCompile Include="Engine\Utility\ImGuiManager\ImGuiManager.cpp" />
    <ClCompile Include="Engine\Input\Input.cpp" />
    <ClCompile Include="main.cpp" />
    <ClCompile Include="Engine\Math\Mathfunction.cpp" />
    <ClCompile Include="Engine\CreateResource\CreateResource.cpp" />
    <ClCompile Include="Engine\Model\Model.cpp" />
    <ClCompile Include="Engine\Model\State\ModelSphere.cpp" />
    <ClCompile Include="Engine\Sprite\Sprite.cpp" />
    <ClCompile Include="Engine\Utility\ShaderCompile.cpp" />
    <ClCompile Include="Engine\Utility\StringUtility.cpp" />
    <ClCompile Include="Engine\TextureManager\TextureManager.cpp" />
    <ClCompile Include="Engine\Model\Triangle.cpp" />
    <ClCompile Include="Engine\Camera\Camera.cpp" />
    <ClCompile Include="Engine\Base\WinApp\WinApp.cpp" />
    <ClCompile Include="Engine\Transform\WorldTransform.cpp" />
    <ClCompile Include="Engine\TextureManager\TextureReference\TextureReference.cpp" />
    <ClCompile Include="Project\Scene\IScene\IScene.cpp" />
    <ClCompile Include="Project\Scene\SelectScene\SelectScene.cpp" />
    <ClCompile Include="Project\Scene\TitleScene\TitleScene.cpp" />
    <ClCompile Include="Project\GameObject\Player\PlayerParticle.cpp" />
    <ClCompile Include="Project\Scene\GameOverScene\GameOverScene.cpp" />
    <ClCompile Include="Project\GameObject\Animation\Animation.cpp" />
    <ClCompile Include="Engine\Framework\Framework.cpp" />
    <ClCompile Include="Engine\SceneFactory\SceneFactory.cpp" />
  </ItemGroup>
  <ItemGroup>
    <ClInclude Include="Project\GameObject\Player\Player.h" />
    <ClInclude Include="Project\GameObject\Enemy\Enemy.h" />
    <ClInclude Include="Engine\Audio\Audio.h" />
    <ClInclude Include="Engine\Base\DX\DirectXCommon.h" />
    <ClInclude Include="Engine\Engine.h" />
    <ClInclude Include="Engine\Model\State\ModelCube.h" />
    <ClInclude Include="externals\imgui\imconfig.h" />
    <ClInclude Include="externals\imgui\imgui.h" />
    <ClInclude Include="externals\imgui\imgui_impl_dx12.h" />
    <ClInclude Include="externals\imgui\imgui_impl_win32.h" />
    <ClInclude Include="externals\imgui\imgui_internal.h" />
    <ClInclude Include="externals\imgui\imstb_rectpack.h" />
    <ClInclude Include="externals\imgui\imstb_textedit.h" />
    <ClInclude Include="externals\imgui\imstb_truetype.h" />
    <ClInclude Include="Engine\ParticleSystem\ParticleSystem.h" />
    <ClInclude Include="Project\GameManager\GameManager.h" />
    <ClInclude Include="Project\Scene\GameScene\GameScene.h" />
    <ClInclude Include="Engine\GraphicsPipeline\GraphicsPipeline.h" />
    <ClInclude Include="Engine\Utility\ImGuiManager\ImGuiManager.h" />
    <ClInclude Include="Engine\Input\Input.h" />
    <ClInclude Include="Engine\Math\Matrix3x3.h" />
    <ClInclude Include="Engine\Math\Mathfunction.h" />
    <ClInclude Include="Engine\Math\Matrix4x4.h" />
    <ClInclude Include="Engine\CreateResource\CreateResource.h" />
    <ClInclude Include="Engine\Model\Model.h" />
    <ClInclude Include="Engine\Model\State\ModelSphere.h" />
    <ClInclude Include="Engine\Model\State\IModelState.h" />
    <ClInclude Include="Engine\Sprite\Sprite.h" />
    <ClInclude Include="Engine\Utility\ShaderCompile.h" />
    <ClInclude Include="Engine\Utility\StringUtility.h" />
    <ClInclude Include="Engine\TextureManager\TextureManager.h" />
    <ClInclude Include="Engine\Model\Triangle.h" />
    <ClInclude Include="Engine\Math\Vector2.h" />
    <ClInclude Include="Engine\Math\Vector3.h" />
    <ClInclude Include="Engine\Math\Vector4.h" />
    <ClInclude Include="Engine\Camera\Camera.h" />
    <ClInclude Include="Engine\Base\WinApp\WinApp.h" />
    <ClInclude Include="Engine\Transform\WorldTransform.h" />
    <ClInclude Include="Engine\TextureManager\TextureReference\TextureReference.h" />
    <ClInclude Include="Project\Scene\IScene\IScene.h" />
    <ClInclude Include="Project\Scene\SelectScene\SelectScene.h" />
    <ClInclude Include="Project\Scene\TitleScene\TitleScene.h" />
    <ClInclude Include="Project\GameObject\Player\PlayerParticle.h" />
    <ClInclude Include="Project\Scene\GameOverScene\GameOverScene.h" />
    <ClInclude Include="Project\GameObject\Animation\Animation.h" />
    <ClInclude Include="Engine\Framework\Framework.h" />
    <ClInclude Include="Engine\SceneFactory\AbstractSceneFactory.h" />
    <ClInclude Include="Engine\SceneFactory\SceneFactory.h" />
  </ItemGroup>
  <ItemGroup>
    <None Include="Engine\ShaderFile\Object3d.hlsli" />
    <None Include="Engine\ShaderFile\Particle.hlsli" />
  </ItemGroup>
  <ItemGroup>
    <Text Include="externals\imgui\LICENSE.txt" />
  </ItemGroup>
</Project>